
Microsoft Visual Studio Solution File, Format Version 12.00
# Visual Studio Version 16
VisualStudioVersion = 16.0.30503.244
MinimumVisualStudioVersion = 10.0.40219.1
Project("{FAE04EC0-301F-11D3-BF4B-00C04F79EFBC}") = "ajandekLista2", "ajandekLista2\ajandekLista2.csproj", "{754574FB-D3BE-4F7F-BE04-476302D2AF2D}"
EndProject
Global
	GlobalSection(SolutionConfigurationPlatforms) = preSolution
		Debug|Any CPU = Debug|Any CPU
		Release|Any CPU = Release|Any CPU
	EndGlobalSection
	GlobalSection(ProjectConfigurationPlatforms) = postSolution
		{754574FB-D3BE-4F7F-BE04-476302D2AF2D}.Debug|Any CPU.ActiveCfg = Debug|Any CPU
		{754574FB-D3BE-4F7F-BE04-476302D2AF2D}.Debug|Any CPU.Build.0 = Debug|Any CPU
		{754574FB-D3BE-4F7F-BE04-476302D2AF2D}.Release|Any CPU.ActiveCfg = Release|Any CPU
		{754574FB-D3BE-4F7F-BE04-476302D2AF2D}.Release|Any CPU.Build.0 = Release|Any CPU
	EndGlobalSection
	GlobalSection(SolutionProperties) = preSolution
		HideSolutionNode = FALSE
	EndGlobalSection
	GlobalSection(ExtensibilityGlobals) = postSolution
		SolutionGuid = {8C56CB93-D94C-48F1-A9A0-4958408182BC}
	EndGlobalSection
EndGlobal
